
Microsoft Visual Studio Solution File, Format Version 12.00
# Visual Studio Version 17
VisualStudioVersion = 17.3.32519.111
MinimumVisualStudioVersion = 10.0.40219.1
Project("{2150E333-8FDC-42A3-9474-1A3956D46DE8}") = "Solution Items", "Solution Items", "{41904319-4BF3-486D-A81B-5CF16B3C55F4}"
	ProjectSection(SolutionItems) = preProject
		.editorconfig = .editorconfig
	EndProjectSection
EndProject
Project("{9A19103F-16F7-4668-BE54-9A1E7A4F7556}") = "Hesternal.BuildTool", "Hesternal.BuildTool\Hesternal.BuildTool.csproj", "{F3751364-58DE-468A-AE19-54A8CB9F48FA}"
EndProject
Project("{9A19103F-16F7-4668-BE54-9A1E7A4F7556}") = "Hesternal.BuildTool.App", "Hesternal.BuildTool.App\Hesternal.BuildTool.App.csproj", "{35E15EB9-4DCC-4DC4-A3AE-BCCF73521AE9}"
EndProject
Project("{9A19103F-16F7-4668-BE54-9A1E7A4F7556}") = "Hesternal.BuildTool.Generators", "Hesternal.BuildTool.Generators\Hesternal.BuildTool.Generators.csproj", "{B353258D-6BB8-402E-A7C4-AFB6DBA51C46}"
EndProject
Project("{9A19103F-16F7-4668-BE54-9A1E7A4F7556}") = "Hesternal.BuildTool.SourceGenerator", "Hesternal.BuildTool.SourceGenerator\Hesternal.BuildTool.SourceGenerator.csproj", "{D85AB119-960A-44AF-81C8-F69821B6F90B}"
EndProject
Project("{9A19103F-16F7-4668-BE54-9A1E7A4F7556}") = "Hesternal.Core", "Hesternal.Core\Hesternal.Core.csproj", "{77560C01-3905-4EB3-8DDA-1067AA5FA535}"
EndProject
Project("{9A19103F-16F7-4668-BE54-9A1E7A4F7556}") = "Hesternal.Core.Net7", "Hesternal.Core.Net7\Hesternal.Core.Net7.csproj", "{36CFBA55-6AF2-462C-92CD-4DB1A09A3B96}"
EndProject
Project("{9A19103F-16F7-4668-BE54-9A1E7A4F7556}") = "Hesternal.HeaderTool", "Hesternal.HeaderTool\Hesternal.HeaderTool.csproj", "{39A7250D-259C-4284-AF5C-F6080D9DB75B}"
EndProject
Project("{9A19103F-16F7-4668-BE54-9A1E7A4F7556}") = "Hesternal.HeaderTool.MSBuild", "Hesternal.HeaderTool.MSBuild\Hesternal.HeaderTool.MSBuild.csproj", "{B838A045-6521-4CF3-9F91-0DB71913A81B}"
EndProject
Project("{9A19103F-16F7-4668-BE54-9A1E7A4F7556}") = "Hesternal.HeaderTool.Program", "Hesternal.HeaderTool.Program\Hesternal.HeaderTool.Program.csproj", "{D43ED592-88E3-4D15-8AED-19E80CE3BE86}"
EndProject
Project("{9A19103F-16F7-4668-BE54-9A1E7A4F7556}") = "Hesternal.MathTool", "Hesternal.MathTool\Hesternal.MathTool.csproj", "{A3E1889C-297B-4037-9730-882CC34B661B}"
EndProject
Global
	GlobalSection(SolutionConfigurationPlatforms) = preSolution
		Debug|Any CPU = Debug|Any CPU
		Release|Any CPU = Release|Any CPU
	EndGlobalSection
	GlobalSection(ProjectConfigurationPlatforms) = postSolution
		{F3751364-58DE-468A-AE19-54A8CB9F48FA}.Debug|Any CPU.ActiveCfg = Debug|Any CPU
		{F3751364-58DE-468A-AE19-54A8CB9F48FA}.Debug|Any CPU.Build.0 = Debug|Any CPU
		{F3751364-58DE-468A-AE19-54A8CB9F48FA}.Release|Any CPU.ActiveCfg = Release|Any CPU
		{F3751364-58DE-468A-AE19-54A8CB9F48FA}.Release|Any CPU.Build.0 = Release|Any CPU
		{35E15EB9-4DCC-4DC4-A3AE-BCCF73521AE9}.Debug|Any CPU.ActiveCfg = Debug|Any CPU
		{35E15EB9-4DCC-4DC4-A3AE-BCCF73521AE9}.Debug|Any CPU.Build.0 = Debug|Any CPU
		{35E15EB9-4DCC-4DC4-A3AE-BCCF73521AE9}.Release|Any CPU.ActiveCfg = Release|Any CPU
		{35E15EB9-4DCC-4DC4-A3AE-BCCF73521AE9}.Release|Any CPU.Build.0 = Release|Any CPU
		{B353258D-6BB8-402E-A7C4-AFB6DBA51C46}.Debug|Any CPU.ActiveCfg = Debug|Any CPU
		{B353258D-6BB8-402E-A7C4-AFB6DBA51C46}.Debug|Any CPU.Build.0 = Debug|Any CPU
		{B353258D-6BB8-402E-A7C4-AFB6DBA51C46}.Release|Any CPU.ActiveCfg = Release|Any CPU
		{B353258D-6BB8-402E-A7C4-AFB6DBA51C46}.Release|Any CPU.Build.0 = Release|Any CPU
		{D85AB119-960A-44AF-81C8-F69821B6F90B}.Debug|Any CPU.ActiveCfg = Debug|Any CPU
		{D85AB119-960A-44AF-81C8-F69821B6F90B}.Debug|Any CPU.Build.0 = Debug|Any CPU
		{D85AB119-960A-44AF-81C8-F69821B6F90B}.Release|Any CPU.ActiveCfg = Release|Any CPU
		{D85AB119-960A-44AF-81C8-F69821B6F90B}.Release|Any CPU.Build.0 = Release|Any CPU
		{77560C01-3905-4EB3-8DDA-1067AA5FA535}.Debug|Any CPU.ActiveCfg = Debug|Any CPU
		{77560C01-3905-4EB3-8DDA-1067AA5FA535}.Debug|Any CPU.Build.0 = Debug|Any CPU
		{77560C01-3905-4EB3-8DDA-1067AA5FA535}.Release|Any CPU.ActiveCfg = Release|Any CPU
		{77560C01-3905-4EB3-8DDA-1067AA5FA535}.Release|Any CPU.Build.0 = Release|Any CPU
		{36CFBA55-6AF2-462C-92CD-4DB1A09A3B96}.Debug|Any CPU.ActiveCfg = Debug|Any CPU
		{36CFBA55-6AF2-462C-92CD-4DB1A09A3B96}.Debug|Any CPU.Build.0 = Debug|Any CPU
		{36CFBA55-6AF2-462C-92CD-4DB1A09A3B96}.Release|Any CPU.ActiveCfg = Release|Any CPU
		{36CFBA55-6AF2-462C-92CD-4DB1A09A3B96}.Release|Any CPU.Build.0 = Release|Any CPU
		{39A7250D-259C-4284-AF5C-F6080D9DB75B}.Debug|Any CPU.ActiveCfg = Debug|Any CPU
		{39A7250D-259C-4284-AF5C-F6080D9DB75B}.Debug|Any CPU.Build.0 = Debug|Any CPU
		{39A7250D-259C-4284-AF5C-F6080D9DB75B}.Release|Any CPU.ActiveCfg = Release|Any CPU
		{39A7250D-259C-4284-AF5C-F6080D9DB75B}.Release|Any CPU.Build.0 = Release|Any CPU
		{B838A045-6521-4CF3-9F91-0DB71913A81B}.Debug|Any CPU.ActiveCfg = Debug|Any CPU
		{B838A045-6521-4CF3-9F91-0DB71913A81B}.Debug|Any CPU.Build.0 = Debug|Any CPU
		{B838A045-6521-4CF3-9F91-0DB71913A81B}.Release|Any CPU.ActiveCfg = Release|Any CPU
		{B838A045-6521-4CF3-9F91-0DB71913A81B}.Release|Any CPU.Build.0 = Release|Any CPU
		{D43ED592-88E3-4D15-8AED-19E80CE3BE86}.Debug|Any CPU.ActiveCfg = Debug|Any CPU
		{D43ED592-88E3-4D15-8AED-19E80CE3BE86}.Debug|Any CPU.Build.0 = Debug|Any CPU
		{D43ED592-88E3-4D15-8AED-19E80CE3BE86}.Release|Any CPU.ActiveCfg = Release|Any CPU
		{D43ED592-88E3-4D15-8AED-19E80CE3BE86}.Release|Any CPU.Build.0 = Release|Any CPU
		{A3E1889C-297B-4037-9730-882CC34B661B}.Debug|Any CPU.ActiveCfg = Debug|Any CPU
		{A3E1889C-297B-4037-9730-882CC34B661B}.Debug|Any CPU.Build.0 = Debug|Any CPU
		{A3E1889C-297B-4037-9730-882CC34B661B}.Release|Any CPU.ActiveCfg = Release|Any CPU
		{A3E1889C-297B-4037-9730-882CC34B661B}.Release|Any CPU.Build.0 = Release|Any CPU
	EndGlobalSection
	GlobalSection(SolutionProperties) = preSolution
		HideSolutionNode = FALSE
	EndGlobalSection
	GlobalSection(ExtensibilityGlobals) = postSolution
		SolutionGuid = {BD5D8D2D-FD36-4AF9-9DB3-1A281254FED9}
	EndGlobalSection
EndGlobal
